
Microsoft Visual Studio Solution File, Format Version 12.00
# Visual Studio Version 17
VisualStudioVersion = 17.13.35913.81 d17.13
MinimumVisualStudioVersion = 10.0.40219.1
Project("{FAE04EC0-301F-11D3-BF4B-00C04F79EFBC}") = "DependencyInjectionDemo", "DependencyInjectionDemo\DependencyInjectionDemo.csproj", "{16B1D105-145B-4A0B-8BEF-9D24281BA177}"
EndProject
Global
	GlobalSection(SolutionConfigurationPlatforms) = preSolution
		Debug|Any CPU = Debug|Any CPU
		Release|Any CPU = Release|Any CPU
	EndGlobalSection
	GlobalSection(ProjectConfigurationPlatforms) = postSolution
		{16B1D105-145B-4A0B-8BEF-9D24281BA177}.Debug|Any CPU.ActiveCfg = Debug|Any CPU
		{16B1D105-145B-4A0B-8BEF-9D24281BA177}.Debug|Any CPU.Build.0 = Debug|Any CPU
		{16B1D105-145B-4A0B-8BEF-9D24281BA177}.Release|Any CPU.ActiveCfg = Release|Any CPU
		{16B1D105-145B-4A0B-8BEF-9D24281BA177}.Release|Any CPU.Build.0 = Release|Any CPU
	EndGlobalSection
	GlobalSection(SolutionProperties) = preSolution
		HideSolutionNode = FALSE
	EndGlobalSection
	GlobalSection(ExtensibilityGlobals) = postSolution
		SolutionGuid = {C20A8283-D533-4528-97F4-36FBDAAB1FA4}
	EndGlobalSection
EndGlobal
