
Microsoft Visual Studio Solution File, Format Version 12.00
# Visual Studio Version 17
VisualStudioVersion = 17.9.34728.123
MinimumVisualStudioVersion = 10.0.40219.1
Project("{FAE04EC0-301F-11D3-BF4B-00C04F79EFBC}") = "QuickTour", "QuickTour\QuickTour.csproj", "{C5BB638E-CE01-4F9B-98B1-3E59DDA30F7C}"
EndProject
Global
	GlobalSection(SolutionConfigurationPlatforms) = preSolution
		Debug|Any CPU = Debug|Any CPU
		Release|Any CPU = Release|Any CPU
	EndGlobalSection
	GlobalSection(ProjectConfigurationPlatforms) = postSolution
		{C5BB638E-CE01-4F9B-98B1-3E59DDA30F7C}.Debug|Any CPU.ActiveCfg = Debug|Any CPU
		{C5BB638E-CE01-4F9B-98B1-3E59DDA30F7C}.Debug|Any CPU.Build.0 = Debug|Any CPU
		{C5BB638E-CE01-4F9B-98B1-3E59DDA30F7C}.Release|Any CPU.ActiveCfg = Release|Any CPU
		{C5BB638E-CE01-4F9B-98B1-3E59DDA30F7C}.Release|Any CPU.Build.0 = Release|Any CPU
	EndGlobalSection
	GlobalSection(SolutionProperties) = preSolution
		HideSolutionNode = FALSE
	EndGlobalSection
	GlobalSection(ExtensibilityGlobals) = postSolution
		SolutionGuid = {0B1CBE7A-9981-40B2-96CD-001E81023C15}
	EndGlobalSection
EndGlobal
