
Microsoft Visual Studio Solution File, Format Version 12.00
# Visual Studio Version 17
VisualStudioVersion = 17.9.34728.123
MinimumVisualStudioVersion = 10.0.40219.1
Project("{FAE04EC0-301F-11D3-BF4B-00C04F79EFBC}") = "SingleResponsibility", "SingleResponsibility\SingleResponsibility.csproj", "{124BFB78-822E-439B-BB66-9F661A8D3BC8}"
EndProject
Project("{FAE04EC0-301F-11D3-BF4B-00C04F79EFBC}") = "SingleResponsibilityUnitTests", "SingleResponsibilityUnitTests\SingleResponsibilityUnitTests.csproj", "{1C0DFD31-8BA7-4458-B18D-D6EAA19936C1}"
EndProject
Global
	GlobalSection(SolutionConfigurationPlatforms) = preSolution
		Debug|Any CPU = Debug|Any CPU
		Release|Any CPU = Release|Any CPU
	EndGlobalSection
	GlobalSection(ProjectConfigurationPlatforms) = postSolution
		{124BFB78-822E-439B-BB66-9F661A8D3BC8}.Debug|Any CPU.ActiveCfg = Debug|Any CPU
		{124BFB78-822E-439B-BB66-9F661A8D3BC8}.Debug|Any CPU.Build.0 = Debug|Any CPU
		{124BFB78-822E-439B-BB66-9F661A8D3BC8}.Release|Any CPU.ActiveCfg = Release|Any CPU
		{124BFB78-822E-439B-BB66-9F661A8D3BC8}.Release|Any CPU.Build.0 = Release|Any CPU
		{1C0DFD31-8BA7-4458-B18D-D6EAA19936C1}.Debug|Any CPU.ActiveCfg = Debug|Any CPU
		{1C0DFD31-8BA7-4458-B18D-D6EAA19936C1}.Debug|Any CPU.Build.0 = Debug|Any CPU
		{1C0DFD31-8BA7-4458-B18D-D6EAA19936C1}.Release|Any CPU.ActiveCfg = Release|Any CPU
		{1C0DFD31-8BA7-4458-B18D-D6EAA19936C1}.Release|Any CPU.Build.0 = Release|Any CPU
	EndGlobalSection
	GlobalSection(SolutionProperties) = preSolution
		HideSolutionNode = FALSE
	EndGlobalSection
	GlobalSection(ExtensibilityGlobals) = postSolution
		SolutionGuid = {3803FEA6-7CFB-41A8-A699-1DEDDA09179D}
	EndGlobalSection
EndGlobal
