
Microsoft Visual Studio Solution File, Format Version 12.00
# Visual Studio Version 17
VisualStudioVersion = 17.9.34728.123
MinimumVisualStudioVersion = 10.0.40219.1
Project("{FAE04EC0-301F-11D3-BF4B-00C04F79EFBC}") = "StockTicker", "StockTicker\StockTicker.csproj", "{3D3982EA-1A64-4B4E-906B-2F0BB956A024}"
EndProject
Global
	GlobalSection(SolutionConfigurationPlatforms) = preSolution
		Debug|Any CPU = Debug|Any CPU
		Release|Any CPU = Release|Any CPU
	EndGlobalSection
	GlobalSection(ProjectConfigurationPlatforms) = postSolution
		{3D3982EA-1A64-4B4E-906B-2F0BB956A024}.Debug|Any CPU.ActiveCfg = Debug|Any CPU
		{3D3982EA-1A64-4B4E-906B-2F0BB956A024}.Debug|Any CPU.Build.0 = Debug|Any CPU
		{3D3982EA-1A64-4B4E-906B-2F0BB956A024}.Release|Any CPU.ActiveCfg = Release|Any CPU
		{3D3982EA-1A64-4B4E-906B-2F0BB956A024}.Release|Any CPU.Build.0 = Release|Any CPU
	EndGlobalSection
	GlobalSection(SolutionProperties) = preSolution
		HideSolutionNode = FALSE
	EndGlobalSection
	GlobalSection(ExtensibilityGlobals) = postSolution
		SolutionGuid = {1902E69E-6138-4B49-959B-AD5186EC9814}
	EndGlobalSection
EndGlobal
