
Microsoft Visual Studio Solution File, Format Version 12.00
# Visual Studio Version 17
VisualStudioVersion = 17.9.34728.123
MinimumVisualStudioVersion = 10.0.40219.1
Project("{FAE04EC0-301F-11D3-BF4B-00C04F79EFBC}") = "OutOfControl", "OutOfControl\OutOfControl.csproj", "{411B236A-F986-4878-BA5D-633557BEAB43}"
EndProject
Global
	GlobalSection(SolutionConfigurationPlatforms) = preSolution
		Debug|Any CPU = Debug|Any CPU
		Release|Any CPU = Release|Any CPU
	EndGlobalSection
	GlobalSection(ProjectConfigurationPlatforms) = postSolution
		{411B236A-F986-4878-BA5D-633557BEAB43}.Debug|Any CPU.ActiveCfg = Debug|Any CPU
		{411B236A-F986-4878-BA5D-633557BEAB43}.Debug|Any CPU.Build.0 = Debug|Any CPU
		{411B236A-F986-4878-BA5D-633557BEAB43}.Release|Any CPU.ActiveCfg = Release|Any CPU
		{411B236A-F986-4878-BA5D-633557BEAB43}.Release|Any CPU.Build.0 = Release|Any CPU
	EndGlobalSection
	GlobalSection(SolutionProperties) = preSolution
		HideSolutionNode = FALSE
	EndGlobalSection
	GlobalSection(ExtensibilityGlobals) = postSolution
		SolutionGuid = {94B49957-1ED1-4EA4-BB48-E1F787FF2CED}
	EndGlobalSection
EndGlobal
