
Microsoft Visual Studio Solution File, Format Version 12.00
# Visual Studio Version 17
VisualStudioVersion = 17.10.35013.160
MinimumVisualStudioVersion = 10.0.40219.1
Project("{FAE04EC0-301F-11D3-BF4B-00C04F79EFBC}") = "WebApplication1", "WebApplication1.csproj", "{EA90421D-FE44-4E29-9925-1E32B8A632B1}"
EndProject
Global
	GlobalSection(SolutionConfigurationPlatforms) = preSolution
		Debug|Any CPU = Debug|Any CPU
		Release|Any CPU = Release|Any CPU
	EndGlobalSection
	GlobalSection(ProjectConfigurationPlatforms) = postSolution
		{EA90421D-FE44-4E29-9925-1E32B8A632B1}.Debug|Any CPU.ActiveCfg = Debug|Any CPU
		{EA90421D-FE44-4E29-9925-1E32B8A632B1}.Debug|Any CPU.Build.0 = Debug|Any CPU
		{EA90421D-FE44-4E29-9925-1E32B8A632B1}.Release|Any CPU.ActiveCfg = Release|Any CPU
		{EA90421D-FE44-4E29-9925-1E32B8A632B1}.Release|Any CPU.Build.0 = Release|Any CPU
	EndGlobalSection
	GlobalSection(SolutionProperties) = preSolution
		HideSolutionNode = FALSE
	EndGlobalSection
	GlobalSection(ExtensibilityGlobals) = postSolution
		SolutionGuid = {1A369078-7248-4B6B-A3CB-C16960B17F44}
	EndGlobalSection
EndGlobal
