
Microsoft Visual Studio Solution File, Format Version 12.00
# Visual Studio Version 17
VisualStudioVersion = 17.9.34728.123
MinimumVisualStudioVersion = 10.0.40219.1
Project("{FAE04EC0-301F-11D3-BF4B-00C04F79EFBC}") = "DependencyInversion", "DependencyInversion\DependencyInversion.csproj", "{5001FF58-9FEC-487E-B0F8-6F852CEE38BF}"
EndProject
Project("{FAE04EC0-301F-11D3-BF4B-00C04F79EFBC}") = "DependencyInversionTests", "DependencyInversionTests\DependencyInversionTests.csproj", "{CBCD9E3A-4D6A-4FB2-A1A1-25721534AA97}"
EndProject
Global
	GlobalSection(SolutionConfigurationPlatforms) = preSolution
		Debug|Any CPU = Debug|Any CPU
		Release|Any CPU = Release|Any CPU
	EndGlobalSection
	GlobalSection(ProjectConfigurationPlatforms) = postSolution
		{5001FF58-9FEC-487E-B0F8-6F852CEE38BF}.Debug|Any CPU.ActiveCfg = Debug|Any CPU
		{5001FF58-9FEC-487E-B0F8-6F852CEE38BF}.Debug|Any CPU.Build.0 = Debug|Any CPU
		{5001FF58-9FEC-487E-B0F8-6F852CEE38BF}.Release|Any CPU.ActiveCfg = Release|Any CPU
		{5001FF58-9FEC-487E-B0F8-6F852CEE38BF}.Release|Any CPU.Build.0 = Release|Any CPU
		{CBCD9E3A-4D6A-4FB2-A1A1-25721534AA97}.Debug|Any CPU.ActiveCfg = Debug|Any CPU
		{CBCD9E3A-4D6A-4FB2-A1A1-25721534AA97}.Debug|Any CPU.Build.0 = Debug|Any CPU
		{CBCD9E3A-4D6A-4FB2-A1A1-25721534AA97}.Release|Any CPU.ActiveCfg = Release|Any CPU
		{CBCD9E3A-4D6A-4FB2-A1A1-25721534AA97}.Release|Any CPU.Build.0 = Release|Any CPU
	EndGlobalSection
	GlobalSection(SolutionProperties) = preSolution
		HideSolutionNode = FALSE
	EndGlobalSection
	GlobalSection(ExtensibilityGlobals) = postSolution
		SolutionGuid = {7B90918A-F1D3-45EA-AEEF-1BD5D60FAEF5}
	EndGlobalSection
EndGlobal
