
Microsoft Visual Studio Solution File, Format Version 12.00
# Visual Studio Version 17
VisualStudioVersion = 17.9.34728.123
MinimumVisualStudioVersion = 10.0.40219.1
Project("{FAE04EC0-301F-11D3-BF4B-00C04F79EFBC}") = "ParallelPrimes", "ParallelPrimes\ParallelPrimes.csproj", "{2D711FAB-1FAA-4EFA-BDD2-3C489E95679E}"
EndProject
Global
	GlobalSection(SolutionConfigurationPlatforms) = preSolution
		Debug|Any CPU = Debug|Any CPU
		Release|Any CPU = Release|Any CPU
	EndGlobalSection
	GlobalSection(ProjectConfigurationPlatforms) = postSolution
		{2D711FAB-1FAA-4EFA-BDD2-3C489E95679E}.Debug|Any CPU.ActiveCfg = Debug|Any CPU
		{2D711FAB-1FAA-4EFA-BDD2-3C489E95679E}.Debug|Any CPU.Build.0 = Debug|Any CPU
		{2D711FAB-1FAA-4EFA-BDD2-3C489E95679E}.Release|Any CPU.ActiveCfg = Release|Any CPU
		{2D711FAB-1FAA-4EFA-BDD2-3C489E95679E}.Release|Any CPU.Build.0 = Release|Any CPU
	EndGlobalSection
	GlobalSection(SolutionProperties) = preSolution
		HideSolutionNode = FALSE
	EndGlobalSection
	GlobalSection(ExtensibilityGlobals) = postSolution
		SolutionGuid = {7FC91425-6DEF-451D-8FA9-72751267ACC5}
	EndGlobalSection
EndGlobal
