
Microsoft Visual Studio Solution File, Format Version 12.00
# Visual Studio Version 17
VisualStudioVersion = 17.9.34728.123
MinimumVisualStudioVersion = 10.0.40219.1
Project("{FAE04EC0-301F-11D3-BF4B-00C04F79EFBC}") = "StemsLab", "StemsLab\StemsLab.csproj", "{584E036D-DF48-4A5C-97A4-28C6327602BB}"
EndProject
Global
	GlobalSection(SolutionConfigurationPlatforms) = preSolution
		Debug|Any CPU = Debug|Any CPU
		Release|Any CPU = Release|Any CPU
	EndGlobalSection
	GlobalSection(ProjectConfigurationPlatforms) = postSolution
		{584E036D-DF48-4A5C-97A4-28C6327602BB}.Debug|Any CPU.ActiveCfg = Debug|Any CPU
		{584E036D-DF48-4A5C-97A4-28C6327602BB}.Debug|Any CPU.Build.0 = Debug|Any CPU
		{584E036D-DF48-4A5C-97A4-28C6327602BB}.Release|Any CPU.ActiveCfg = Release|Any CPU
		{584E036D-DF48-4A5C-97A4-28C6327602BB}.Release|Any CPU.Build.0 = Release|Any CPU
	EndGlobalSection
	GlobalSection(SolutionProperties) = preSolution
		HideSolutionNode = FALSE
	EndGlobalSection
	GlobalSection(ExtensibilityGlobals) = postSolution
		SolutionGuid = {C7465865-64F4-4CA9-84CE-2DD8DC01196D}
	EndGlobalSection
EndGlobal
