
Microsoft Visual Studio Solution File, Format Version 12.00
# Visual Studio Version 17
VisualStudioVersion = 17.10.35013.160
MinimumVisualStudioVersion = 10.0.40219.1
Project("{FAE04EC0-301F-11D3-BF4B-00C04F79EFBC}") = "BuyerService", "BuyerService\BuyerService.csproj", "{E39DC8EA-040F-4A6A-8709-805D83D84080}"
EndProject
Global
	GlobalSection(SolutionConfigurationPlatforms) = preSolution
		Debug|Any CPU = Debug|Any CPU
		Release|Any CPU = Release|Any CPU
	EndGlobalSection
	GlobalSection(ProjectConfigurationPlatforms) = postSolution
		{E39DC8EA-040F-4A6A-8709-805D83D84080}.Debug|Any CPU.ActiveCfg = Debug|Any CPU
		{E39DC8EA-040F-4A6A-8709-805D83D84080}.Debug|Any CPU.Build.0 = Debug|Any CPU
		{E39DC8EA-040F-4A6A-8709-805D83D84080}.Release|Any CPU.ActiveCfg = Release|Any CPU
		{E39DC8EA-040F-4A6A-8709-805D83D84080}.Release|Any CPU.Build.0 = Release|Any CPU
	EndGlobalSection
	GlobalSection(SolutionProperties) = preSolution
		HideSolutionNode = FALSE
	EndGlobalSection
	GlobalSection(ExtensibilityGlobals) = postSolution
		SolutionGuid = {AC17E743-17A2-4E90-9869-CB768441737A}
	EndGlobalSection
EndGlobal
