
Microsoft Visual Studio Solution File, Format Version 12.00
# Visual Studio Version 17
VisualStudioVersion = 17.9.34728.123
MinimumVisualStudioVersion = 10.0.40219.1
Project("{FAE04EC0-301F-11D3-BF4B-00C04F79EFBC}") = "AsyncDelegates", "AsyncDelegates\AsyncDelegates.csproj", "{8220AA77-1AD8-4328-A504-6FB65550A2F2}"
EndProject
Global
	GlobalSection(SolutionConfigurationPlatforms) = preSolution
		Debug|Any CPU = Debug|Any CPU
		Release|Any CPU = Release|Any CPU
	EndGlobalSection
	GlobalSection(ProjectConfigurationPlatforms) = postSolution
		{8220AA77-1AD8-4328-A504-6FB65550A2F2}.Debug|Any CPU.ActiveCfg = Debug|Any CPU
		{8220AA77-1AD8-4328-A504-6FB65550A2F2}.Debug|Any CPU.Build.0 = Debug|Any CPU
		{8220AA77-1AD8-4328-A504-6FB65550A2F2}.Release|Any CPU.ActiveCfg = Release|Any CPU
		{8220AA77-1AD8-4328-A504-6FB65550A2F2}.Release|Any CPU.Build.0 = Release|Any CPU
	EndGlobalSection
	GlobalSection(SolutionProperties) = preSolution
		HideSolutionNode = FALSE
	EndGlobalSection
	GlobalSection(ExtensibilityGlobals) = postSolution
		SolutionGuid = {B5FD251A-CB08-41BA-AC30-05F37E31EE8A}
	EndGlobalSection
EndGlobal
