
Microsoft Visual Studio Solution File, Format Version 12.00
# Visual Studio Version 17
VisualStudioVersion = 17.9.34728.123
MinimumVisualStudioVersion = 10.0.40219.1
Project("{9A19103F-16F7-4668-BE54-9A1E7A4F7556}") = "Store2022Microservice", "Store2022Microservice\Store2022Microservice.csproj", "{C14EB431-6F0E-4EEA-BAA0-7089CC6836FD}"
EndProject
Project("{9A19103F-16F7-4668-BE54-9A1E7A4F7556}") = "AccountService", "AccountService\AccountService.csproj", "{8A179186-4275-4F87-B8BC-498239AF8A15}"
EndProject
Project("{9A19103F-16F7-4668-BE54-9A1E7A4F7556}") = "InventoryService", "InventoryService\InventoryService.csproj", "{C7C17761-2904-4CD0-B67C-7001DF40238C}"
EndProject
Project("{9A19103F-16F7-4668-BE54-9A1E7A4F7556}") = "ShoppingService", "ShoppingService\ShoppingService.csproj", "{35754F36-2327-477B-B066-30BC8667E12C}"
EndProject
Project("{E53339B2-1760-4266-BCC7-CA923CBCF16C}") = "docker-compose", "docker-compose.dcproj", "{AC213B45-3B47-4D12-945B-38648D17845B}"
EndProject
Global
	GlobalSection(SolutionConfigurationPlatforms) = preSolution
		Debug|Any CPU = Debug|Any CPU
		Release|Any CPU = Release|Any CPU
	EndGlobalSection
	GlobalSection(ProjectConfigurationPlatforms) = postSolution
		{C14EB431-6F0E-4EEA-BAA0-7089CC6836FD}.Debug|Any CPU.ActiveCfg = Debug|Any CPU
		{C14EB431-6F0E-4EEA-BAA0-7089CC6836FD}.Debug|Any CPU.Build.0 = Debug|Any CPU
		{C14EB431-6F0E-4EEA-BAA0-7089CC6836FD}.Release|Any CPU.ActiveCfg = Release|Any CPU
		{C14EB431-6F0E-4EEA-BAA0-7089CC6836FD}.Release|Any CPU.Build.0 = Release|Any CPU
		{8A179186-4275-4F87-B8BC-498239AF8A15}.Debug|Any CPU.ActiveCfg = Debug|Any CPU
		{8A179186-4275-4F87-B8BC-498239AF8A15}.Debug|Any CPU.Build.0 = Debug|Any CPU
		{8A179186-4275-4F87-B8BC-498239AF8A15}.Release|Any CPU.ActiveCfg = Release|Any CPU
		{8A179186-4275-4F87-B8BC-498239AF8A15}.Release|Any CPU.Build.0 = Release|Any CPU
		{C7C17761-2904-4CD0-B67C-7001DF40238C}.Debug|Any CPU.ActiveCfg = Debug|Any CPU
		{C7C17761-2904-4CD0-B67C-7001DF40238C}.Debug|Any CPU.Build.0 = Debug|Any CPU
		{C7C17761-2904-4CD0-B67C-7001DF40238C}.Release|Any CPU.ActiveCfg = Release|Any CPU
		{C7C17761-2904-4CD0-B67C-7001DF40238C}.Release|Any CPU.Build.0 = Release|Any CPU
		{35754F36-2327-477B-B066-30BC8667E12C}.Debug|Any CPU.ActiveCfg = Debug|Any CPU
		{35754F36-2327-477B-B066-30BC8667E12C}.Debug|Any CPU.Build.0 = Debug|Any CPU
		{35754F36-2327-477B-B066-30BC8667E12C}.Release|Any CPU.ActiveCfg = Release|Any CPU
		{35754F36-2327-477B-B066-30BC8667E12C}.Release|Any CPU.Build.0 = Release|Any CPU
		{AC213B45-3B47-4D12-945B-38648D17845B}.Debug|Any CPU.ActiveCfg = Debug|Any CPU
		{AC213B45-3B47-4D12-945B-38648D17845B}.Debug|Any CPU.Build.0 = Debug|Any CPU
		{AC213B45-3B47-4D12-945B-38648D17845B}.Release|Any CPU.ActiveCfg = Release|Any CPU
		{AC213B45-3B47-4D12-945B-38648D17845B}.Release|Any CPU.Build.0 = Release|Any CPU
	EndGlobalSection
	GlobalSection(SolutionProperties) = preSolution
		HideSolutionNode = FALSE
	EndGlobalSection
	GlobalSection(ExtensibilityGlobals) = postSolution
		SolutionGuid = {9F836151-FB7F-4434-86B9-18337253CEF3}
	EndGlobalSection
EndGlobal
