
Microsoft Visual Studio Solution File, Format Version 12.00
# Visual Studio Version 17
VisualStudioVersion = 17.9.34728.123
MinimumVisualStudioVersion = 10.0.40219.1
Project("{FAE04EC0-301F-11D3-BF4B-00C04F79EFBC}") = "DigitalClock", "DigitalClock\DigitalClock.csproj", "{AD4729DE-B50C-41A7-B752-2C7D9B1B3086}"
EndProject
Global
	GlobalSection(SolutionConfigurationPlatforms) = preSolution
		Debug|Any CPU = Debug|Any CPU
		Release|Any CPU = Release|Any CPU
	EndGlobalSection
	GlobalSection(ProjectConfigurationPlatforms) = postSolution
		{AD4729DE-B50C-41A7-B752-2C7D9B1B3086}.Debug|Any CPU.ActiveCfg = Debug|Any CPU
		{AD4729DE-B50C-41A7-B752-2C7D9B1B3086}.Debug|Any CPU.Build.0 = Debug|Any CPU
		{AD4729DE-B50C-41A7-B752-2C7D9B1B3086}.Release|Any CPU.ActiveCfg = Release|Any CPU
		{AD4729DE-B50C-41A7-B752-2C7D9B1B3086}.Release|Any CPU.Build.0 = Release|Any CPU
	EndGlobalSection
	GlobalSection(SolutionProperties) = preSolution
		HideSolutionNode = FALSE
	EndGlobalSection
	GlobalSection(ExtensibilityGlobals) = postSolution
		SolutionGuid = {D1F69BB4-5BE0-49C7-83FB-43E7039B3A0A}
	EndGlobalSection
EndGlobal
